// !$*UTF8*$!
{
	archiveVersion = 1;
	classes = {
	};
	objectVersion = 50;
	objects = {

/* Begin PBXBuildFile section */
		4987B932225F2DF700F30B92 /* SingInTextFieldUIVIew.swift in Sources */ = {isa = PBXBuildFile; fileRef = 4987B92F225F2DF600F30B92 /* SingInTextFieldUIVIew.swift */; };
		4987B933225F2DF700F30B92 /* SingInTextField.swift in Sources */ = {isa = PBXBuildFile; fileRef = 4987B930225F2DF700F30B92 /* SingInTextField.swift */; };
		4987B934225F2DF700F30B92 /* SingInTextField.xib in Resources */ = {isa = PBXBuildFile; fileRef = 4987B931225F2DF700F30B92 /* SingInTextField.xib */; };
		498D79C0225E421100DED1DA /* AppDelegate.swift in Sources */ = {isa = PBXBuildFile; fileRef = 498D79BF225E421100DED1DA /* AppDelegate.swift */; };
		498D79C2225E421200DED1DA /* ViewController.swift in Sources */ = {isa = PBXBuildFile; fileRef = 498D79C1225E421200DED1DA /* ViewController.swift */; };
		498D79C5225E421200DED1DA /* Main.storyboard in Resources */ = {isa = PBXBuildFile; fileRef = 498D79C3225E421200DED1DA /* Main.storyboard */; };
		498D79C7225E421400DED1DA /* Assets.xcassets in Resources */ = {isa = PBXBuildFile; fileRef = 498D79C6225E421400DED1DA /* Assets.xcassets */; };
		498D79CA225E421400DED1DA /* LaunchScreen.storyboard in Resources */ = {isa = PBXBuildFile; fileRef = 498D79C8225E421400DED1DA /* LaunchScreen.storyboard */; };
/* End PBXBuildFile section */

/* Begin PBXContainerItemProxy section */
		498D79D1225E421500DED1DA /* PBXContainerItemProxy */ = {
			isa = PBXContainerItemProxy;
			containerPortal = 498D79B4225E421100DED1DA /* Project object */;
			proxyType = 1;
			remoteGlobalIDString = 498D79BB225E421100DED1DA;
			remoteInfo = pickerView;
		};
		498D79DC225E421500DED1DA /* PBXContainerItemProxy */ = {
			isa = PBXContainerItemProxy;
			containerPortal = 498D79B4225E421100DED1DA /* Project object */;
			proxyType = 1;
			remoteGlobalIDString = 498D79BB225E421100DED1DA;
			remoteInfo = pickerView;
		};
/* End PBXContainerItemProxy section */

/* Begin PBXFileReference section */
		4987B92F225F2DF600F30B92 /* SingInTextFieldUIVIew.swift */ = {isa = PBXFileReference; fileEncoding = 4; lastKnownFileType = sourcecode.swift; path = SingInTextFieldUIVIew.swift; sourceTree = "<group>"; };
		4987B930225F2DF700F30B92 /* SingInTextField.swift */ = {isa = PBXFileReference; fileEncoding = 4; lastKnownFileType = sourcecode.swift; path = SingInTextField.swift; sourceTree = "<group>"; };
		4987B931225F2DF700F30B92 /* SingInTextField.xib */ = {isa = PBXFileReference; fileEncoding = 4; lastKnownFileType = file.xib; path = SingInTextField.xib; sourceTree = "<group>"; };
		498D79BC225E421100DED1DA /* pickerView.app */ = {isa = PBXFileReference; explicitFileType = wrapper.application; includeInIndex = 0; path = pickerView.app; sourceTree = BUILT_PRODUCTS_DIR; };
		498D79BF225E421100DED1DA /* AppDelegate.swift */ = {isa = PBXFileReference; lastKnownFileType = sourcecode.swift; path = AppDelegate.swift; sourceTree = "<group>"; };
		498D79C1225E421200DED1DA /* ViewController.swift */ = {isa = PBXFileReference; lastKnownFileType = sourcecode.swift; path = ViewController.swift; sourceTree = "<group>"; };
		498D79C4225E421200DED1DA /* Base */ = {isa = PBXFileReference; lastKnownFileType = file.storyboard; name = Base; path = Base.lproj/Main.storyboard; sourceTree = "<group>"; };
		498D79C6225E421400DED1DA /* Assets.xcassets */ = {isa = PBXFileReference; lastKnownFileType = folder.assetcatalog; path = Assets.xcassets; sourceTree = "<group>"; };
		498D79C9225E421400DED1DA /* Base */ = {isa = PBXFileReference; lastKnownFileType = file.storyboard; name = Base; path = Base.lproj/LaunchScreen.storyboard; sourceTree = "<group>"; };
		498D79CB225E421400DED1DA /* Info.plist */ = {isa = PBXFileReference; lastKnownFileType = text.plist.xml; path = Info.plist; sourceTree = "<group>"; };
		498D79D0225E421500DED1DA /* pickerViewTests.xctest */ = {isa = PBXFileReference; explicitFileType = wrapper.cfbundle; includeInIndex = 0; path = pickerViewTests.xctest; sourceTree = BUILT_PRODUCTS_DIR; };
		498D79DB225E421500DED1DA /* pickerViewUITests.xctest */ = {isa = PBXFileReference; explicitFileType = wrapper.cfbundle; includeInIndex = 0; path = pickerViewUITests.xctest; sourceTree = BUILT_PRODUCTS_DIR; };
/* End PBXFileReference section */

/* Begin PBXFrameworksBuildPhase section */
		498D79B9225E421100DED1DA /* Frameworks */ = {
			isa = PBXFrameworksBuildPhase;
			buildActionMask = 2147483647;
			files = (
			);
			runOnlyForDeploymentPostprocessing = 0;
		};
		498D79CD225E421500DED1DA /* Frameworks */ = {
			isa = PBXFrameworksBuildPhase;
			buildActionMask = 2147483647;
			files = (
			);
			runOnlyForDeploymentPostprocessing = 0;
		};
		498D79D8225E421500DED1DA /* Frameworks */ = {
			isa = PBXFrameworksBuildPhase;
			buildActionMask = 2147483647;
			files = (
			);
			runOnlyForDeploymentPostprocessing = 0;
		};
/* End PBXFrameworksBuildPhase section */

/* Begin PBXGroup section */
		498D79B3225E421100DED1DA = {
			isa = PBXGroup;
			children = (
				498D79BE225E421100DED1DA /* pickerView */,
				498D79BD225E421100DED1DA /* Products */,
			);
			sourceTree = "<group>";
		};
		498D79BD225E421100DED1DA /* Products */ = {
			isa = PBXGroup;
			children = (
				498D79BC225E421100DED1DA /* pickerView.app */,
				498D79D0225E421500DED1DA /* pickerViewTests.xctest */,
				498D79DB225E421500DED1DA /* pickerViewUITests.xctest */,
			);
			name = Products;
			sourceTree = "<group>";
		};
		498D79BE225E421100DED1DA /* pickerView */ = {
			isa = PBXGroup;
			children = (
				4987B930225F2DF700F30B92 /* SingInTextField.swift */,
				4987B92F225F2DF600F30B92 /* SingInTextFieldUIVIew.swift */,
				4987B931225F2DF700F30B92 /* SingInTextField.xib */,
				498D79BF225E421100DED1DA /* AppDelegate.swift */,
				498D79C1225E421200DED1DA /* ViewController.swift */,
				498D79C3225E421200DED1DA /* Main.storyboard */,
				498D79C6225E421400DED1DA /* Assets.xcassets */,
				498D79C8225E421400DED1DA /* LaunchScreen.storyboard */,
				498D79CB225E421400DED1DA /* Info.plist */,
			);
			path = pickerView;
			sourceTree = "<group>";
		};
/* End PBXGroup section */

/* Begin PBXNativeTarget section */
		498D79BB225E421100DED1DA /* pickerView */ = {
			isa = PBXNativeTarget;
			buildConfigurationList = 498D79E4225E421500DED1DA /* Build configuration list for PBXNativeTarget "pickerView" */;
			buildPhases = (
				498D79B8225E421100DED1DA /* Sources */,
				498D79B9225E421100DED1DA /* Frameworks */,
				498D79BA225E421100DED1DA /* Resources */,
			);
			buildRules = (
			);
			dependencies = (
			);
			name = pickerView;
			productName = pickerView;
			productReference = 498D79BC225E421100DED1DA /* pickerView.app */;
			productType = "com.apple.product-type.application";
		};
		498D79CF225E421500DED1DA /* pickerViewTests */ = {
			isa = PBXNativeTarget;
			buildConfigurationList = 498D79E7225E421500DED1DA /* Build configuration list for PBXNativeTarget "pickerViewTests" */;
			buildPhases = (
				498D79CC225E421500DED1DA /* Sources */,
				498D79CD225E421500DED1DA /* Frameworks */,
				498D79CE225E421500DED1DA /* Resources */,
			);
			buildRules = (
			);
			dependencies = (
				498D79D2225E421500DED1DA /* PBXTargetDependency */,
			);
			name = pickerViewTests;
			productName = pickerViewTests;
			productReference = 498D79D0225E421500DED1DA /* pickerViewTests.xctest */;
			productType = "com.apple.product-type.bundle.unit-test";
		};
		498D79DA225E421500DED1DA /* pickerViewUITests */ = {
			isa = PBXNativeTarget;
			buildConfigurationList = 498D79EA225E421500DED1DA /* Build configuration list for PBXNativeTarget "pickerViewUITests" */;
			buildPhases = (
				498D79D7225E421500DED1DA /* Sources */,
				498D79D8225E421500DED1DA /* Frameworks */,
				498D79D9225E421500DED1DA /* Resources */,
			);
			buildRules = (
			);
			dependencies = (
				498D79DD225E421500DED1DA /* PBXTargetDependency */,
			);
			name = pickerViewUITests;
			productName = pickerViewUITests;
			productReference = 498D79DB225E421500DED1DA /* pickerViewUITests.xctest */;
			productType = "com.apple.product-type.bundle.ui-testing";
		};
/* End PBXNativeTarget section */

/* Begin PBXProject section */
		498D79B4225E421100DED1DA /* Project object */ = {
			isa = PBXProject;
			attributes = {
				LastSwiftUpdateCheck = 1020;
				LastUpgradeCheck = 1020;
				ORGANIZATIONNAME = "Mattia La Spina";
				TargetAttributes = {
					498D79BB225E421100DED1DA = {
						CreatedOnToolsVersion = 10.2;
					};
					498D79CF225E421500DED1DA = {
						CreatedOnToolsVersion = 10.2;
						TestTargetID = 498D79BB225E421100DED1DA;
					};
					498D79DA225E421500DED1DA = {
						CreatedOnToolsVersion = 10.2;
						TestTargetID = 498D79BB225E421100DED1DA;
					};
				};
			};
			buildConfigurationList = 498D79B7225E421100DED1DA /* Build configuration list for PBXProject "pickerView" */;
			compatibilityVersion = "Xcode 9.3";
			developmentRegion = en;
			hasScannedForEncodings = 0;
			knownRegions = (
				en,
				Base,
			);
			mainGroup = 498D79B3225E421100DED1DA;
			productRefGroup = 498D79BD225E421100DED1DA /* Products */;
			projectDirPath = "";
			projectRoot = "";
			targets = (
				498D79BB225E421100DED1DA /* pickerView */,
				498D79CF225E421500DED1DA /* pickerViewTests */,
				498D79DA225E421500DED1DA /* pickerViewUITests */,
			);
		};
/* End PBXProject section */

/* Begin PBXResourcesBuildPhase section */
		498D79BA225E421100DED1DA /* Resources */ = {
			isa = PBXResourcesBuildPhase;
			buildActionMask = 2147483647;
			files = (
				498D79CA225E421400DED1DA /* LaunchScreen.storyboard in Resources */,
				4987B934225F2DF700F30B92 /* SingInTextField.xib in Resources */,
				498D79C7225E421400DED1DA /* Assets.xcassets in Resources */,
				498D79C5225E421200DED1DA /* Main.storyboard in Resources */,
			);
			runOnlyForDeploymentPostprocessing = 0;
		};
		498D79CE225E421500DED1DA /* Resources */ = {
			isa = PBXResourcesBuildPhase;
			buildActionMask = 2147483647;
			files = (
			);
			runOnlyForDeploymentPostprocessing = 0;
		};
		498D79D9225E421500DED1DA /* Resources */ = {
			isa = PBXResourcesBuildPhase;
			buildActionMask = 2147483647;
			files = (
			);
			runOnlyForDeploymentPostprocessing = 0;
		};
/* End PBXResourcesBuildPhase section */

/* Begin PBXSourcesBuildPhase section */
		498D79B8225E421100DED1DA /* Sources */ = {
			isa = PBXSourcesBuildPhase;
			buildActionMask = 2147483647;
			files = (
				498D79C2225E421200DED1DA /* ViewController.swift in Sources */,
				4987B933225F2DF700F30B92 /* SingInTextField.swift in Sources */,
				4987B932225F2DF700F30B92 /* SingInTextFieldUIVIew.swift in Sources */,
				498D79C0225E421100DED1DA /* AppDelegate.swift in Sources */,
			);
			runOnlyForDeploymentPostprocessing = 0;
		};
		498D79CC225E421500DED1DA /* Sources */ = {
			isa = PBXSourcesBuildPhase;
			buildActionMask = 2147483647;
			files = (
			);
			runOnlyForDeploymentPostprocessing = 0;
		};
		498D79D7225E421500DED1DA /* Sources */ = {
			isa = PBXSourcesBuildPhase;
			buildActionMask = 2147483647;
			files = (
			);
			runOnlyForDeploymentPostprocessing = 0;
		};
/* End PBXSourcesBuildPhase section */

/* Begin PBXTargetDependency section */
		498D79D2225E421500DED1DA /* PBXTargetDependency */ = {
			isa = PBXTargetDependency;
			target = 498D79BB225E421100DED1DA /* pickerView */;
			targetProxy = 498D79D1225E421500DED1DA /* PBXContainerItemProxy */;
		};
		498D79DD225E421500DED1DA /* PBXTargetDependency */ = {
			isa = PBXTargetDependency;
			target = 498D79BB225E421100DED1DA /* pickerView */;
			targetProxy = 498D79DC225E421500DED1DA /* PBXContainerItemProxy */;
		};
/* End PBXTargetDependency section */

/* Begin PBXVariantGroup section */
		498D79C3225E421200DED1DA /* Main.storyboard */ = {
			isa = PBXVariantGroup;
			children = (
				498D79C4225E421200DED1DA /* Base */,
			);
			name = Main.storyboard;
			sourceTree = "<group>";
		};
		498D79C8225E421400DED1DA /* LaunchScreen.storyboard */ = {
			isa = PBXVariantGroup;
			children = (
				498D79C9225E421400DED1DA /* Base */,
			);
			name = LaunchScreen.storyboard;
			sourceTree = "<group>";
		};
/* End PBXVariantGroup section */

/* Begin XCBuildConfiguration section */
		498D79E2225E421500DED1DA /* Debug */ = {
			isa = XCBuildConfiguration;
			buildSettings = {
				ALWAYS_SEARCH_USER_PATHS = NO;
				CLANG_ANALYZER_NONNULL = YES;
				CLANG_ANALYZER_NUMBER_OBJECT_CONVERSION = YES_AGGRESSIVE;
				CLANG_CXX_LANGUAGE_STANDARD = "gnu++14";
				CLANG_CXX_LIBRARY = "libc++";
				CLANG_ENABLE_MODULES = YES;
				CLANG_ENABLE_OBJC_ARC = YES;
				CLANG_ENABLE_OBJC_WEAK = YES;
				CLANG_WARN_BLOCK_CAPTURE_AUTORELEASING = YES;
				CLANG_WARN_BOOL_CONVERSION = YES;
				CLANG_WARN_COMMA = YES;
				CLANG_WARN_CONSTANT_CONVERSION = YES;
				CLANG_WARN_DEPRECATED_OBJC_IMPLEMENTATIONS = YES;
				CLANG_WARN_DIRECT_OBJC_ISA_USAGE = YES_ERROR;
				CLANG_WARN_DOCUMENTATION_COMMENTS = YES;
				CLANG_WARN_EMPTY_BODY = YES;
				CLANG_WARN_ENUM_CONVERSION = YES;
				CLANG_WARN_INFINITE_RECURSION = YES;
				CLANG_WARN_INT_CONVERSION = YES;
				CLANG_WARN_NON_LITERAL_NULL_CONVERSION = YES;
				CLANG_WARN_OBJC_IMPLICIT_RETAIN_SELF = YES;
				CLANG_WARN_OBJC_LITERAL_CONVERSION = YES;
				CLANG_WARN_OBJC_ROOT_CLASS = YES_ERROR;
				CLANG_WARN_RANGE_LOOP_ANALYSIS = YES;
				CLANG_WARN_STRICT_PROTOTYPES = YES;
				CLANG_WARN_SUSPICIOUS_MOVE = YES;
				CLANG_WARN_UNGUARDED_AVAILABILITY = YES_AGGRESSIVE;
				CLANG_WARN_UNREACHABLE_CODE = YES;
				CLANG_WARN__DUPLICATE_METHOD_MATCH = YES;
				CODE_SIGN_IDENTITY = "iPhone Developer";
				COPY_PHASE_STRIP = NO;
				DEBUG_INFORMATION_FORMAT = dwarf;
				ENABLE_STRICT_OBJC_MSGSEND = YES;
				ENABLE_TESTABILITY = YES;
				GCC_C_LANGUAGE_STANDARD = gnu11;
				GCC_DYNAMIC_NO_PIC = NO;
				GCC_NO_COMMON_BLOCKS = YES;
				GCC_OPTIMIZATION_LEVEL = 0;
				GCC_PREPROCESSOR_DEFINITIONS = (
					"DEBUG=1",
					"$(inherited)",
				);
				GCC_WARN_64_TO_32_BIT_CONVERSION = YES;
				GCC_WARN_ABOUT_RETURN_TYPE = YES_ERROR;
				GCC_WARN_UNDECLARED_SELECTOR = YES;
				GCC_WARN_UNINITIALIZED_AUTOS = YES_AGGRESSIVE;
				GCC_WARN_UNUSED_FUNCTION = YES;
				GCC_WARN_UNUSED_VARIABLE = YES;
				IPHONEOS_DEPLOYMENT_TARGET = 12.2;
				MTL_ENABLE_DEBUG_INFO = INCLUDE_SOURCE;
				MTL_FAST_MATH = YES;
				ONLY_ACTIVE_ARCH = YES;
				SDKROOT = iphoneos;
				SWIFT_ACTIVE_COMPILATION_CONDITIONS = DEBUG;
				SWIFT_OPTIMIZATION_LEVEL = "-Onone";
			};
			name = Debug;
		};
		498D79E3225E421500DED1DA /* Release */ = {
			isa = XCBuildConfiguration;
			buildSettings = {
				ALWAYS_SEARCH_USER_PATHS = NO;
				CLANG_ANALYZER_NONNULL = YES;
				CLANG_ANALYZER_NUMBER_OBJECT_CONVERSION = YES_AGGRESSIVE;
				CLANG_CXX_LANGUAGE_STANDARD = "gnu++14";
				CLANG_CXX_LIBRARY = "libc++";
				CLANG_ENABLE_MODULES = YES;
				CLANG_ENABLE_OBJC_ARC = YES;
				CLANG_ENABLE_OBJC_WEAK = YES;
				CLANG_WARN_BLOCK_CAPTURE_AUTORELEASING = YES;
				CLANG_WARN_BOOL_CONVERSION = YES;
				CLANG_WARN_COMMA = YES;
				CLANG_WARN_CONSTANT_CONVERSION = YES;
				CLANG_WARN_DEPRECATED_OBJC_IMPLEMENTATIONS = YES;
				CLANG_WARN_DIRECT_OBJC_ISA_USAGE = YES_ERROR;
				CLANG_WARN_DOCUMENTATION_COMMENTS = YES;
				CLANG_WARN_EMPTY_BODY = YES;
				CLANG_WARN_ENUM_CONVERSION = YES;
				CLANG_WARN_INFINITE_RECURSION = YES;
				CLANG_WARN_INT_CONVERSION = YES;
				CLANG_WARN_NON_LITERAL_NULL_CONVERSION = YES;
				CLANG_WARN_OBJC_IMPLICIT_RETAIN_SELF = YES;
				CLANG_WARN_OBJC_LITERAL_CONVERSION = YES;
				CLANG_WARN_OBJC_ROOT_CLASS = YES_ERROR;
				CLANG_WARN_RANGE_LOOP_ANALYSIS = YES;
				CLANG_WARN_STRICT_PROTOTYPES = YES;
				CLANG_WARN_SUSPICIOUS_MOVE = YES;
				CLANG_WARN_UNGUARDED_AVAILABILITY = YES_AGGRESSIVE;
				CLANG_WARN_UNREACHABLE_CODE = YES;
				CLANG_WARN__DUPLICATE_METHOD_MATCH = YES;
				CODE_SIGN_IDENTITY = "iPhone Developer";
				COPY_PHASE_STRIP = NO;
				DEBUG_INFORMATION_FORMAT = "dwarf-with-dsym";
				ENABLE_NS_ASSERTIONS = NO;
				ENABLE_STRICT_OBJC_MSGSEND = YES;
				GCC_C_LANGUAGE_STANDARD = gnu11;
				GCC_NO_COMMON_BLOCKS = YES;
				GCC_WARN_64_TO_32_BIT_CONVERSION = YES;
				GCC_WARN_ABOUT_RETURN_TYPE = YES_ERROR;
				GCC_WARN_UNDECLARED_SELECTOR = YES;
				GCC_WARN_UNINITIALIZED_AUTOS = YES_AGGRESSIVE;
				GCC_WARN_UNUSED_FUNCTION = YES;
				GCC_WARN_UNUSED_VARIABLE = YES;
				IPHONEOS_DEPLOYMENT_TARGET = 12.2;
				MTL_ENABLE_DEBUG_INFO = NO;
				MTL_FAST_MATH = YES;
				SDKROOT = iphoneos;
				SWIFT_COMPILATION_MODE = wholemodule;
				SWIFT_OPTIMIZATION_LEVEL = "-O";
				VALIDATE_PRODUCT = YES;
			};
			name = Release;
		};
		498D79E5225E421500DED1DA /* Debug */ = {
			isa = XCBuildConfiguration;
			buildSettings = {
				ASSETCATALOG_COMPILER_APPICON_NAME = AppIcon;
				CODE_SIGN_STYLE = Automatic;
				INFOPLIST_FILE = pickerView/Info.plist;
				LD_RUNPATH_SEARCH_PATHS = (
					"$(inherited)",
					"@executable_path/Frameworks",
				);
				PRODUCT_BUNDLE_IDENTIFIER = eee.pickerView;
				PRODUCT_NAME = "$(TARGET_NAME)";
				SWIFT_VERSION = 5.0;
				TARGETED_DEVICE_FAMILY = "1,2";
			};
			name = Debug;
		};
		498D79E6225E421500DED1DA /* Release */ = {
			isa = XCBuildConfiguration;
			buildSettings = {
				ASSETCATALOG_COMPILER_APPICON_NAME = AppIcon;
				CODE_SIGN_STYLE = Automatic;
				INFOPLIST_FILE = pickerView/Info.plist;
				LD_RUNPATH_SEARCH_PATHS = (
					"$(inherited)",
					"@executable_path/Frameworks",
				);
				PRODUCT_BUNDLE_IDENTIFIER = eee.pickerView;
				PRODUCT_NAME = "$(TARGET_NAME)";
				SWIFT_VERSION = 5.0;
				TARGETED_DEVICE_FAMILY = "1,2";
			};
			name = Release;
		};
		498D79E8225E421500DED1DA /* Debug */ = {
			isa = XCBuildConfiguration;
			buildSettings = {
				ALWAYS_EMBED_SWIFT_STANDARD_LIBRARIES = YES;
				BUNDLE_LOADER = "$(TEST_HOST)";
				CODE_SIGN_STYLE = Automatic;
				INFOPLIST_FILE = pickerViewTests/Info.plist;
				LD_RUNPATH_SEARCH_PATHS = (
					"$(inherited)",
					"@executable_path/Frameworks",
					"@loader_path/Frameworks",
				);
				PRODUCT_BUNDLE_IDENTIFIER = eee.pickerViewTests;
				PRODUCT_NAME = "$(TARGET_NAME)";
				SWIFT_VERSION = 5.0;
				TARGETED_DEVICE_FAMILY = "1,2";
				TEST_HOST = "$(BUILT_PRODUCTS_DIR)/pickerView.app/pickerView";
			};
			name = Debug;
		};
		498D79E9225E421500DED1DA /* Release */ = {
			isa = XCBuildConfiguration;
			buildSettings = {
				ALWAYS_EMBED_SWIFT_STANDARD_LIBRARIES = YES;
				BUNDLE_LOADER = "$(TEST_HOST)";
				CODE_SIGN_STYLE = Automatic;
				INFOPLIST_FILE = pickerViewTests/Info.plist;
				LD_RUNPATH_SEARCH_PATHS = (
					"$(inherited)",
					"@executable_path/Frameworks",
					"@loader_path/Frameworks",
				);
				PRODUCT_BUNDLE_IDENTIFIER = eee.pickerViewTests;
				PRODUCT_NAME = "$(TARGET_NAME)";
				SWIFT_VERSION = 5.0;
				TARGETED_DEVICE_FAMILY = "1,2";
				TEST_HOST = "$(BUILT_PRODUCTS_DIR)/pickerView.app/pickerView";
			};
			name = Release;
		};
		498D79EB225E421500DED1DA /* Debug */ = {
			isa = XCBuildConfiguration;
			buildSettings = {
				ALWAYS_EMBED_SWIFT_STANDARD_LIBRARIES = YES;
				CODE_SIGN_STYLE = Automatic;
				INFOPLIST_FILE = pickerViewUITests/Info.plist;
				LD_RUNPATH_SEARCH_PATHS = (
					"$(inherited)",
					"@executable_path/Frameworks",
					"@loader_path/Frameworks",
				);
				PRODUCT_BUNDLE_IDENTIFIER = eee.pickerViewUITests;
				PRODUCT_NAME = "$(TARGET_NAME)";
				SWIFT_VERSION = 5.0;
				TARGETED_DEVICE_FAMILY = "1,2";
				TEST_TARGET_NAME = pickerView;
			};
			name = Debug;
		};
		498D79EC225E421500DED1DA /* Release */ = {
			isa = XCBuildConfiguration;
			buildSettings = {
				ALWAYS_EMBED_SWIFT_STANDARD_LIBRARIES = YES;
				CODE_SIGN_STYLE = Automatic;
				INFOPLIST_FILE = pickerViewUITests/Info.plist;
				LD_RUNPATH_SEARCH_PATHS = (
					"$(inherited)",
					"@executable_path/Frameworks",
					"@loader_path/Frameworks",
				);
				PRODUCT_BUNDLE_IDENTIFIER = eee.pickerViewUITests;
				PRODUCT_NAME = "$(TARGET_NAME)";
				SWIFT_VERSION = 5.0;
				TARGETED_DEVICE_FAMILY = "1,2";
				TEST_TARGET_NAME = pickerView;
			};
			name = Release;
		};
/* End XCBuildConfiguration section */

/* Begin XCConfigurationList section */
		498D79B7225E421100DED1DA /* Build configuration list for PBXProject "pickerView" */ = {
			isa = XCConfigurationList;
			buildConfigurations = (
				498D79E2225E421500DED1DA /* Debug */,
				498D79E3225E421500DED1DA /* Release */,
			);
			defaultConfigurationIsVisible = 0;
			defaultConfigurationName = Release;
		};
		498D79E4225E421500DED1DA /* Build configuration list for PBXNativeTarget "pickerView" */ = {
			isa = XCConfigurationList;
			buildConfigurations = (
				498D79E5225E421500DED1DA /* Debug */,
				498D79E6225E421500DED1DA /* Release */,
			);
			defaultConfigurationIsVisible = 0;
			defaultConfigurationName = Release;
		};
		498D79E7225E421500DED1DA /* Build configuration list for PBXNativeTarget "pickerViewTests" */ = {
			isa = XCConfigurationList;
			buildConfigurations = (
				498D79E8225E421500DED1DA /* Debug */,
				498D79E9225E421500DED1DA /* Release */,
			);
			defaultConfigurationIsVisible = 0;
			defaultConfigurationName = Release;
		};
		498D79EA225E421500DED1DA /* Build configuration list for PBXNativeTarget "pickerViewUITests" */ = {
			isa = XCConfigurationList;
			buildConfigurations = (
				498D79EB225E421500DED1DA /* Debug */,
				498D79EC225E421500DED1DA /* Release */,
			);
			defaultConfigurationIsVisible = 0;
			defaultConfigurationName = Release;
		};
/* End XCConfigurationList section */
	};
	rootObject = 498D79B4225E421100DED1DA /* Project object */;
}
